Microsoft Visual Studio Solution File, Format Version 12.00
# Visual Studio Version 17
VisualStudioVersion = 17.4.33213.308
MinimumVisualStudioVersion = 10.0.40219.1
Project("{9A19103F-16F7-4668-BE54-9A1E7A4F7556}") = "WeatherApp.API", "WeatherApp.API\WeatherApp.API\WeatherApp.API.csproj", "{5FDA50D4-91C3-4207-87DA-DFF8708004A7}"
EndProject
Global
	GlobalSection(SolutionConfigurationPlatforms) = preSolution
		Debug|Any CPU = Debug|Any CPU
		Release|Any CPU = Release|Any CPU
	EndGlobalSection
	GlobalSection(ProjectConfigurationPlatforms) = postSolution
		{5FDA50D4-91C3-4207-87DA-DFF8708004A7}.Debug|Any CPU.ActiveCfg = Debug|Any CPU
		{5FDA50D4-91C3-4207-87DA-DFF8708004A7}.Debug|Any CPU.Build.0 = Debug|Any CPU
		{5FDA50D4-91C3-4207-87DA-DFF8708004A7}.Release|Any CPU.ActiveCfg = Release|Any CPU
		{5FDA50D4-91C3-4207-87DA-DFF8708004A7}.Release|Any CPU.Build.0 = Release|Any CPU
	EndGlobalSection
	GlobalSection(SolutionProperties) = preSolution
		HideSolutionNode = FALSE
	EndGlobalSection
	GlobalSection(ExtensibilityGlobals) = postSolution
		SolutionGuid = {BDDDC59D-769D-44FC-BD16-B878562DA580}
	EndGlobalSection
EndGlobal
